// !$*UTF8*$!
{
	archiveVersion = 1;
	classes = {
	};
	objectVersion = 46;
	objects = {

/* Begin PBXBuildFile section */
		147940AA1F7E634100824A2C /* AppDelegate.swift in Sources */ = {isa = PBXBuildFile; fileRef = 147940A91F7E634100824A2C /* AppDelegate.swift */; };
		147940AC1F7E634100824A2C /* ViewController.swift in Sources */ = {isa = PBXBuildFile; fileRef = 147940AB1F7E634100824A2C /* ViewController.swift */; };
		147940AF1F7E634100824A2C /* Main.storyboard in Resources */ = {isa = PBXBuildFile; fileRef = 147940AD1F7E634100824A2C /* Main.storyboard */; };
		147940B11F7E634100824A2C /* Assets.xcassets in Resources */ = {isa = PBXBuildFile; fileRef = 147940B01F7E634100824A2C /* Assets.xcassets */; };
		147940B41F7E634100824A2C /* LaunchScreen.storyboard in Resources */ = {isa = PBXBuildFile; fileRef = 147940B21F7E634100824A2C /* LaunchScreen.storyboard */; };
		147940BC1F7E636200824A2C /* EMIHorizontalMenu.swift in Sources */ = {isa = PBXBuildFile; fileRef = 147940BB1F7E636200824A2C /* EMIHorizontalMenu.swift */; };
		147940BE1F7E677100824A2C /* ColorsCell.swift in Sources */ = {isa = PBXBuildFile; fileRef = 147940BD1F7E677100824A2C /* ColorsCell.swift */; };
		147940C01F7E679A00824A2C /* CollectionDelegates.swift in Sources */ = {isa = PBXBuildFile; fileRef = 147940BF1F7E679A00824A2C /* CollectionDelegates.swift */; };
		147940C21F7E67F100824A2C /* HorizontalMenuDelegate.swift in Sources */ = {isa = PBXBuildFile; fileRef = 147940C11F7E67F100824A2C /* HorizontalMenuDelegate.swift */; };
		147940C41F7E683000824A2C /* ScrollviewDelegates.swift in Sources */ = {isa = PBXBuildFile; fileRef = 147940C31F7E683000824A2C /* ScrollviewDelegates.swift */; };
/* End PBXBuildFile section */

/* Begin PBXFileReference section */
		147940A61F7E634100824A2C /* EMIHorizontalMenu.app */ = {isa = PBXFileReference; explicitFileType = wrapper.application; includeInIndex = 0; path = EMIHorizontalMenu.app; sourceTree = BUILT_PRODUCTS_DIR; };
		147940A91F7E634100824A2C /* AppDelegate.swift */ = {isa = PBXFileReference; lastKnownFileType = sourcecode.swift; path = AppDelegate.swift; sourceTree = "<group>"; };
		147940AB1F7E634100824A2C /* ViewController.swift */ = {isa = PBXFileReference; lastKnownFileType = sourcecode.swift; path = ViewController.swift; sourceTree = "<group>"; };
		147940AE1F7E634100824A2C /* Base */ = {isa = PBXFileReference; lastKnownFileType = file.storyboard; name = Base; path = Base.lproj/Main.storyboard; sourceTree = "<group>"; };
		147940B01F7E634100824A2C /* Assets.xcassets */ = {isa = PBXFileReference; lastKnownFileType = folder.assetcatalog; path = Assets.xcassets; sourceTree = "<group>"; };
		147940B31F7E634100824A2C /* Base */ = {isa = PBXFileReference; lastKnownFileType = file.storyboard; name = Base; path = Base.lproj/LaunchScreen.storyboard; sourceTree = "<group>"; };
		147940B51F7E634100824A2C /* Info.plist */ = {isa = PBXFileReference; lastKnownFileType = text.plist.xml; path = Info.plist; sourceTree = "<group>"; };
		147940BB1F7E636200824A2C /* EMIHorizontalMenu.swift */ = {isa = PBXFileReference; fileEncoding = 4; lastKnownFileType = sourcecode.swift; path = EMIHorizontalMenu.swift; sourceTree = "<group>"; };
		147940BD1F7E677100824A2C /* ColorsCell.swift */ = {isa = PBXFileReference; fileEncoding = 4; lastKnownFileType = sourcecode.swift; path = ColorsCell.swift; sourceTree = "<group>"; };
		147940BF1F7E679A00824A2C /* CollectionDelegates.swift */ = {isa = PBXFileReference; fileEncoding = 4; lastKnownFileType = sourcecode.swift; path = CollectionDelegates.swift; sourceTree = "<group>"; };
		147940C11F7E67F100824A2C /* HorizontalMenuDelegate.swift */ = {isa = PBXFileReference; fileEncoding = 4; lastKnownFileType = sourcecode.swift; path = HorizontalMenuDelegate.swift; sourceTree = "<group>"; };
		147940C31F7E683000824A2C /* ScrollviewDelegates.swift */ = {isa = PBXFileReference; fileEncoding = 4; lastKnownFileType = sourcecode.swift; path = ScrollviewDelegates.swift; sourceTree = "<group>"; };
/* End PBXFileReference section */

/* Begin PBXFrameworksBuildPhase section */
		147940A31F7E634100824A2C /* Frameworks */ = {
			isa = PBXFrameworksBuildPhase;
			buildActionMask = 2147483647;
			files = (
			);
			runOnlyForDeploymentPostprocessing = 0;
		};
/* End PBXFrameworksBuildPhase section */

/* Begin PBXGroup section */
		1479409D1F7E634100824A2C = {
			isa = PBXGroup;
			children = (
				147940A81F7E634100824A2C /* EMIHorizontalMenu */,
				147940A71F7E634100824A2C /* Products */,
			);
			sourceTree = "<group>";
		};
		147940A71F7E634100824A2C /* Products */ = {
			isa = PBXGroup;
			children = (
				147940A61F7E634100824A2C /* EMIHorizontalMenu.app */,
			);
			name = Products;
			sourceTree = "<group>";
		};
		147940A81F7E634100824A2C /* EMIHorizontalMenu */ = {
			isa = PBXGroup;
			children = (
				147940A91F7E634100824A2C /* AppDelegate.swift */,
				147940AB1F7E634100824A2C /* ViewController.swift */,
				147940BD1F7E677100824A2C /* ColorsCell.swift */,
				147940BF1F7E679A00824A2C /* CollectionDelegates.swift */,
				147940C31F7E683000824A2C /* ScrollviewDelegates.swift */,
				147940C11F7E67F100824A2C /* HorizontalMenuDelegate.swift */,
				147940BB1F7E636200824A2C /* EMIHorizontalMenu.swift */,
				147940AD1F7E634100824A2C /* Main.storyboard */,
				147940B01F7E634100824A2C /* Assets.xcassets */,
				147940B21F7E634100824A2C /* LaunchScreen.storyboard */,
				147940B51F7E634100824A2C /* Info.plist */,
			);
			path = EMIHorizontalMenu;
			sourceTree = "<group>";
		};
/* End PBXGroup section */

/* Begin PBXNativeTarget section */
		147940A51F7E634100824A2C /* EMIHorizontalMenu */ = {
			isa = PBXNativeTarget;
			buildConfigurationList = 147940B81F7E634100824A2C /* Build configuration list for PBXNativeTarget "EMIHorizontalMenu" */;
			buildPhases = (
				147940A21F7E634100824A2C /* Sources */,
				147940A31F7E634100824A2C /* Frameworks */,
				147940A41F7E634100824A2C /* Resources */,
			);
			buildRules = (
			);
			dependencies = (
			);
			name = EMIHorizontalMenu;
			productName = EMIHorizontalMenu;
			productReference = 147940A61F7E634100824A2C /* EMIHorizontalMenu.app */;
			productType = "com.apple.product-type.application";
		};
/* End PBXNativeTarget section */

/* Begin PBXProject section */
		1479409E1F7E634100824A2C /* Project object */ = {
			isa = PBXProject;
			attributes = {
				LastSwiftUpdateCheck = 0830;
				LastUpgradeCheck = 0830;
				ORGANIZATIONNAME = "Imran Malik";
				TargetAttributes = {
					147940A51F7E634100824A2C = {
						CreatedOnToolsVersion = 8.3.2;
						DevelopmentTeam = LQSB8VPR8N;
						ProvisioningStyle = Manual;
					};
				};
			};
			buildConfigurationList = 147940A11F7E634100824A2C /* Build configuration list for PBXProject "EMIHorizontalMenu" */;
			compatibilityVersion = "Xcode 3.2";
			developmentRegion = English;
			hasScannedForEncodings = 0;
			knownRegions = (
				en,
				Base,
			);
			mainGroup = 1479409D1F7E634100824A2C;
			productRefGroup = 147940A71F7E634100824A2C /* Products */;
			projectDirPath = "";
			projectRoot = "";
			targets = (
				147940A51F7E634100824A2C /* EMIHorizontalMenu */,
			);
		};
/* End PBXProject section */

/* Begin PBXResourcesBuildPhase section */
		147940A41F7E634100824A2C /* Resources */ = {
			isa = PBXResourcesBuildPhase;
			buildActionMask = 2147483647;
			files = (
				147940B41F7E634100824A2C /* LaunchScreen.storyboard in Resources */,
				147940B11F7E634100824A2C /* Assets.xcassets in Resources */,
				147940AF1F7E634100824A2C /* Main.storyboard in Resources */,
			);
			runOnlyForDeploymentPostprocessing = 0;
		};
/* End PBXResourcesBuildPhase section */

/* Begin PBXSourcesBuildPhase section */
		147940A21F7E634100824A2C /* Sources */ = {
			isa = PBXSourcesBuildPhase;
			buildActionMask = 2147483647;
			files = (
				147940AC1F7E634100824A2C /* ViewController.swift in Sources */,
				147940C41F7E683000824A2C /* ScrollviewDelegates.swift in Sources */,
				147940C21F7E67F100824A2C /* HorizontalMenuDelegate.swift in Sources */,
				147940BE1F7E677100824A2C /* ColorsCell.swift in Sources */,
				147940BC1F7E636200824A2C /* EMIHorizontalMenu.swift in Sources */,
				147940C01F7E679A00824A2C /* CollectionDelegates.swift in Sources */,
				147940AA1F7E634100824A2C /* AppDelegate.swift in Sources */,
			);
			runOnlyForDeploymentPostprocessing = 0;
		};
/* End PBXSourcesBuildPhase section */

/* Begin PBXVariantGroup section */
		147940AD1F7E634100824A2C /* Main.storyboard */ = {
			isa = PBXVariantGroup;
			children = (
				147940AE1F7E634100824A2C /* Base */,
			);
			name = Main.storyboard;
			sourceTree = "<group>";
		};
		147940B21F7E634100824A2C /* LaunchScreen.storyboard */ = {
			isa = PBXVariantGroup;
			children = (
				147940B31F7E634100824A2C /* Base */,
			);
			name = LaunchScreen.storyboard;
			sourceTree = "<group>";
		};
/* End PBXVariantGroup section */

/* Begin XCBuildConfiguration section */
		147940B61F7E634100824A2C /* Debug */ = {
			isa = XCBuildConfiguration;
			buildSettings = {
				ALWAYS_SEARCH_USER_PATHS = NO;
				CLANG_ANALYZER_NONNULL = YES;
				CLANG_ANALYZER_NUMBER_OBJECT_CONVERSION = YES_AGGRESSIVE;
				CLANG_CXX_LANGUAGE_STANDARD = "gnu++0x";
				CLANG_CXX_LIBRARY = "libc++";
				CLANG_ENABLE_MODULES = YES;
				CLANG_ENABLE_OBJC_ARC = YES;
				CLANG_WARN_BOOL_CONVERSION = YES;
				CLANG_WARN_CONSTANT_CONVERSION = YES;
				CLANG_WARN_DIRECT_OBJC_ISA_USAGE = YES_ERROR;
				CLANG_WARN_DOCUMENTATION_COMMENTS = YES;
				CLANG_WARN_EMPTY_BODY = YES;
				CLANG_WARN_ENUM_CONVERSION = YES;
				CLANG_WARN_INFINITE_RECURSION = YES;
				CLANG_WARN_INT_CONVERSION = YES;
				CLANG_WARN_OBJC_ROOT_CLASS = YES_ERROR;
				CLANG_WARN_SUSPICIOUS_MOVE = YES;
				CLANG_WARN_UNREACHABLE_CODE = YES;
				CLANG_WARN__DUPLICATE_METHOD_MATCH = YES;
				"CODE_SIGN_IDENTITY[sdk=iphoneos*]" = "iPhone Developer";
				COPY_PHASE_STRIP = NO;
				DEBUG_INFORMATION_FORMAT = dwarf;
				ENABLE_STRICT_OBJC_MSGSEND = YES;
				ENABLE_TESTABILITY = YES;
				GCC_C_LANGUAGE_STANDARD = gnu99;
				GCC_DYNAMIC_NO_PIC = NO;
				GCC_NO_COMMON_BLOCKS = YES;
				GCC_OPTIMIZATION_LEVEL = 0;
				GCC_PREPROCESSOR_DEFINITIONS = (
					"DEBUG=1",
					"$(inherited)",
				);
				GCC_WARN_64_TO_32_BIT_CONVERSION = YES;
				GCC_WARN_ABOUT_RETURN_TYPE = YES_ERROR;
				GCC_WARN_UNDECLARED_SELECTOR = YES;
				GCC_WARN_UNINITIALIZED_AUTOS = YES_AGGRESSIVE;
				GCC_WARN_UNUSED_FUNCTION = YES;
				GCC_WARN_UNUSED_VARIABLE = YES;
				IPHONEOS_DEPLOYMENT_TARGET = 10.3;
				MTL_ENABLE_DEBUG_INFO = YES;
				ONLY_ACTIVE_ARCH = YES;
				SDKROOT = iphoneos;
				SWIFT_ACTIVE_COMPILATION_CONDITIONS = DEBUG;
				SWIFT_OPTIMIZATION_LEVEL = "-Onone";
				TARGETED_DEVICE_FAMILY = "1,2";
			};
			name = Debug;
		};
		147940B71F7E634100824A2C /* Release */ = {
			isa = XCBuildConfiguration;
			buildSettings = {
				ALWAYS_SEARCH_USER_PATHS = NO;
				CLANG_ANALYZER_NONNULL = YES;
				CLANG_ANALYZER_NUMBER_OBJECT_CONVERSION = YES_AGGRESSIVE;
				CLANG_CXX_LANGUAGE_STANDARD = "gnu++0x";
				CLANG_CXX_LIBRARY = "libc++";
				CLANG_ENABLE_MODULES = YES;
				CLANG_ENABLE_OBJC_ARC = YES;
				CLANG_WARN_BOOL_CONVERSION = YES;
				CLANG_WARN_CONSTANT_CONVERSION = YES;
				CLANG_WARN_DIRECT_OBJC_ISA_USAGE = YES_ERROR;
				CLANG_WARN_DOCUMENTATION_COMMENTS = YES;
				CLANG_WARN_EMPTY_BODY = YES;
				CLANG_WARN_ENUM_CONVERSION = YES;
				CLANG_WARN_INFINITE_RECURSION = YES;
				CLANG_WARN_INT_CONVERSION = YES;
				CLANG_WARN_OBJC_ROOT_CLASS = YES_ERROR;
				CLANG_WARN_SUSPICIOUS_MOVE = YES;
				CLANG_WARN_UNREACHABLE_CODE = YES;
				CLANG_WARN__DUPLICATE_METHOD_MATCH = YES;
				"CODE_SIGN_IDENTITY[sdk=iphoneos*]" = "iPhone Developer";
				COPY_PHASE_STRIP = NO;
				DEBUG_INFORMATION_FORMAT = "dwarf-with-dsym";
				ENABLE_NS_ASSERTIONS = NO;
				ENABLE_STRICT_OBJC_MSGSEND = YES;
				GCC_C_LANGUAGE_STANDARD = gnu99;
				GCC_NO_COMMON_BLOCKS = YES;
				GCC_WARN_64_TO_32_BIT_CONVERSION = YES;
				GCC_WARN_ABOUT_RETURN_TYPE = YES_ERROR;
				GCC_WARN_UNDECLARED_SELECTOR = YES;
				GCC_WARN_UNINITIALIZED_AUTOS = YES_AGGRESSIVE;
				GCC_WARN_UNUSED_FUNCTION = YES;
				GCC_WARN_UNUSED_VARIABLE = YES;
				IPHONEOS_DEPLOYMENT_TARGET = 10.3;
				MTL_ENABLE_DEBUG_INFO = NO;
				SDKROOT = iphoneos;
				SWIFT_OPTIMIZATION_LEVEL = "-Owholemodule";
				TARGETED_DEVICE_FAMILY = "1,2";
				VALIDATE_PRODUCT = YES;
			};
			name = Release;
		};
		147940B91F7E634100824A2C /* Debug */ = {
			isa = XCBuildConfiguration;
			buildSettings = {
				ASSETCATALOG_COMPILER_APPICON_NAME = AppIcon;
				DEVELOPMENT_TEAM = LQSB8VPR8N;
				INFOPLIST_FILE = EMIHorizontalMenu/Info.plist;
				LD_RUNPATH_SEARCH_PATHS = "$(inherited) @executable_path/Frameworks";
				PRODUCT_BUNDLE_IDENTIFIER = com.app.telemedicine;
				PRODUCT_NAME = "$(TARGET_NAME)";
				PROVISIONING_PROFILE = "e1f77a24-c160-4ae4-a276-4ca192c71fec";
				PROVISIONING_PROFILE_SPECIFIER = TeleDev;
				SWIFT_VERSION = 3.0;
			};
			name = Debug;
		};
		147940BA1F7E634100824A2C /* Release */ = {
			isa = XCBuildConfiguration;
			buildSettings = {
				ASSETCATALOG_COMPILER_APPICON_NAME = AppIcon;
				"CODE_SIGN_IDENTITY[sdk=iphoneos*]" = "iPhone Distribution";
				DEVELOPMENT_TEAM = LQSB8VPR8N;
				INFOPLIST_FILE = EMIHorizontalMenu/Info.plist;
				LD_RUNPATH_SEARCH_PATHS = "$(inherited) @executable_path/Frameworks";
				PRODUCT_BUNDLE_IDENTIFIER = com.app.telemedicine;
				PRODUCT_NAME = "$(TARGET_NAME)";
				PROVISIONING_PROFILE = "00ee3d36-677d-4c65-97b7-8c0104c28452";
				PROVISIONING_PROFILE_SPECIFIER = TeleDist;
				SWIFT_VERSION = 3.0;
			};
			name = Release;
		};
/* End XCBuildConfiguration section */

/* Begin XCConfigurationList section */
		147940A11F7E634100824A2C /* Build configuration list for PBXProject "EMIHorizontalMenu" */ = {
			isa = XCConfigurationList;
			buildConfigurations = (
				147940B61F7E634100824A2C /* Debug */,
				147940B71F7E634100824A2C /* Release */,
			);
			defaultConfigurationIsVisible = 0;
			defaultConfigurationName = Release;
		};
		147940B81F7E634100824A2C /* Build configuration list for PBXNativeTarget "EMIHorizontalMenu" */ = {
			isa = XCConfigurationList;
			buildConfigurations = (
				147940B91F7E634100824A2C /* Debug */,
				147940BA1F7E634100824A2C /* Release */,
			);
			defaultConfigurationIsVisible = 0;
		};
/* End XCConfigurationList section */
	};
	rootObject = 1479409E1F7E634100824A2C /* Project object */;
}
